
Microsoft Visual Studio Solution File, Format Version 12.00
# Visual Studio 15
VisualStudioVersion = 15.0.27428.2015
MinimumVisualStudioVersion = 10.0.40219.1
Project("{9A19103F-16F7-4668-BE54-9A1E7A4F7556}") = "SurveyIT", "SurveyIT\SurveyIT.csproj", "{F3BC5A91-0FA3-40A5-B0E6-FD3EC6F15531}"
EndProject
Project("{FAE04EC0-301F-11D3-BF4B-00C04F79EFBC}") = "Scheduler", "Scheduler\Scheduler.csproj", "{8CB6BB69-7DFB-4441-B13C-9F1B9CA7FAC7}"
EndProject
Global
	GlobalSection(SolutionConfigurationPlatforms) = preSolution
		Debug|Any CPU = Debug|Any CPU
		Release|Any CPU = Release|Any CPU
	EndGlobalSection
	GlobalSection(ProjectConfigurationPlatforms) = postSolution
		{F3BC5A91-0FA3-40A5-B0E6-FD3EC6F15531}.Debug|Any CPU.ActiveCfg = Debug|Any CPU
		{F3BC5A91-0FA3-40A5-B0E6-FD3EC6F15531}.Debug|Any CPU.Build.0 = Debug|Any CPU
		{F3BC5A91-0FA3-40A5-B0E6-FD3EC6F15531}.Release|Any CPU.ActiveCfg = Release|Any CPU
		{F3BC5A91-0FA3-40A5-B0E6-FD3EC6F15531}.Release|Any CPU.Build.0 = Release|Any CPU
		{8CB6BB69-7DFB-4441-B13C-9F1B9CA7FAC7}.Debug|Any CPU.ActiveCfg = Debug|Any CPU
		{8CB6BB69-7DFB-4441-B13C-9F1B9CA7FAC7}.Debug|Any CPU.Build.0 = Debug|Any CPU
		{8CB6BB69-7DFB-4441-B13C-9F1B9CA7FAC7}.Release|Any CPU.ActiveCfg = Release|Any CPU
		{8CB6BB69-7DFB-4441-B13C-9F1B9CA7FAC7}.Release|Any CPU.Build.0 = Release|Any CPU
	EndGlobalSection
	GlobalSection(SolutionProperties) = preSolution
		HideSolutionNode = FALSE
	EndGlobalSection
	GlobalSection(ExtensibilityGlobals) = postSolution
		SolutionGuid = {62017FAD-0593-4494-B380-9BB72732AAD7}
	EndGlobalSection
EndGlobal
